
Microsoft Visual Studio Solution File, Format Version 12.00
# Visual Studio Version 17
VisualStudioVersion = 17.4.33213.308
MinimumVisualStudioVersion = 10.0.40219.1
Project("{888888A0-9F3D-457C-B088-3A5042F75D52}") = "palgad", "palgad\palgad.pyproj", "{5DD94D15-DF07-480A-9034-0472A446DC5C}"
EndProject
Global
	GlobalSection(SolutionConfigurationPlatforms) = preSolution
		Debug|Any CPU = Debug|Any CPU
		Release|Any CPU = Release|Any CPU
	EndGlobalSection
	GlobalSection(ProjectConfigurationPlatforms) = postSolution
		{5DD94D15-DF07-480A-9034-0472A446DC5C}.Debug|Any CPU.ActiveCfg = Debug|Any CPU
		{5DD94D15-DF07-480A-9034-0472A446DC5C}.Release|Any CPU.ActiveCfg = Release|Any CPU
	EndGlobalSection
	GlobalSection(SolutionProperties) = preSolution
		HideSolutionNode = FALSE
	EndGlobalSection
	GlobalSection(ExtensibilityGlobals) = postSolution
		SolutionGuid = {24D4B573-7ED2-4D1B-A120-B644764FFBF3}
	EndGlobalSection
EndGlobal
